
Microsoft Visual Studio Solution File, Format Version 12.00
# Visual Studio Version 16
VisualStudioVersion = 16.0.29102.190
MinimumVisualStudioVersion = 10.0.40219.1
Project("{FAE04EC0-301F-11D3-BF4B-00C04F79EFBC}") = "UniqueNonSequentialStrings", "UniqueNonSequentialStrings.csproj", "{B8FFD444-0E77-42F9-A608-A3A4972E2B07}"
EndProject
Global
	GlobalSection(SolutionConfigurationPlatforms) = preSolution
		Debug|Any CPU = Debug|Any CPU
		Release|Any CPU = Release|Any CPU
	EndGlobalSection
	GlobalSection(ProjectConfigurationPlatforms) = postSolution
		{B8FFD444-0E77-42F9-A608-A3A4972E2B07}.Debug|Any CPU.ActiveCfg = Debug|Any CPU
		{B8FFD444-0E77-42F9-A608-A3A4972E2B07}.Debug|Any CPU.Build.0 = Debug|Any CPU
		{B8FFD444-0E77-42F9-A608-A3A4972E2B07}.Release|Any CPU.ActiveCfg = Release|Any CPU
		{B8FFD444-0E77-42F9-A608-A3A4972E2B07}.Release|Any CPU.Build.0 = Release|Any CPU
	EndGlobalSection
	GlobalSection(SolutionProperties) = preSolution
		HideSolutionNode = FALSE
	EndGlobalSection
	GlobalSection(ExtensibilityGlobals) = postSolution
		SolutionGuid = {21744A9A-4D10-4A7A-90D7-DC0FCF67ADE1}
	EndGlobalSection
EndGlobal
